
Microsoft Visual Studio Solution File, Format Version 12.00
# Visual Studio Version 16
VisualStudioVersion = 16.0.32106.194
MinimumVisualStudioVersion = 10.0.40219.1
Project("{FAE04EC0-301F-11D3-BF4B-00C04F79EFBC}") = "SortNumbers", "SortNumbers\SortNumbers.csproj", "{0EF58C5C-E338-4CC4-BCE6-7055AF464D50}"
EndProject
Project("{FAE04EC0-301F-11D3-BF4B-00C04F79EFBC}") = "EnglishNameOfTheLastDigit", "EnglishNameOfTheLastDigit\EnglishNameOfTheLastDigit.csproj", "{12B35763-F6F0-413B-B1F9-0916EDC3E4F7}"
EndProject
Project("{FAE04EC0-301F-11D3-BF4B-00C04F79EFBC}") = "GamingStore", "GamingStore\GamingStore.csproj", "{58AEE932-5AC3-44BE-A7E3-43AE82C6C229}"
EndProject
Project("{FAE04EC0-301F-11D3-BF4B-00C04F79EFBC}") = "ReverseString", "ReverseString\ReverseString.csproj", "{39578E59-F9E0-46EF-AD93-8D72F4F3CE5E}"
EndProject
Project("{FAE04EC0-301F-11D3-BF4B-00C04F79EFBC}") = "Messages", "Messages\Messages.csproj", "{D5C2DB6D-B15E-4EF9-A1C9-23C43EC08F3E}"
EndProject
Global
	GlobalSection(SolutionConfigurationPlatforms) = preSolution
		Debug|Any CPU = Debug|Any CPU
		Release|Any CPU = Release|Any CPU
	EndGlobalSection
	GlobalSection(ProjectConfigurationPlatforms) = postSolution
		{0EF58C5C-E338-4CC4-BCE6-7055AF464D50}.Debug|Any CPU.ActiveCfg = Debug|Any CPU
		{0EF58C5C-E338-4CC4-BCE6-7055AF464D50}.Debug|Any CPU.Build.0 = Debug|Any CPU
		{0EF58C5C-E338-4CC4-BCE6-7055AF464D50}.Release|Any CPU.ActiveCfg = Release|Any CPU
		{0EF58C5C-E338-4CC4-BCE6-7055AF464D50}.Release|Any CPU.Build.0 = Release|Any CPU
		{12B35763-F6F0-413B-B1F9-0916EDC3E4F7}.Debug|Any CPU.ActiveCfg = Debug|Any CPU
		{12B35763-F6F0-413B-B1F9-0916EDC3E4F7}.Debug|Any CPU.Build.0 = Debug|Any CPU
		{12B35763-F6F0-413B-B1F9-0916EDC3E4F7}.Release|Any CPU.ActiveCfg = Release|Any CPU
		{12B35763-F6F0-413B-B1F9-0916EDC3E4F7}.Release|Any CPU.Build.0 = Release|Any CPU
		{58AEE932-5AC3-44BE-A7E3-43AE82C6C229}.Debug|Any CPU.ActiveCfg = Debug|Any CPU
		{58AEE932-5AC3-44BE-A7E3-43AE82C6C229}.Debug|Any CPU.Build.0 = Debug|Any CPU
		{58AEE932-5AC3-44BE-A7E3-43AE82C6C229}.Release|Any CPU.ActiveCfg = Release|Any CPU
		{58AEE932-5AC3-44BE-A7E3-43AE82C6C229}.Release|Any CPU.Build.0 = Release|Any CPU
		{39578E59-F9E0-46EF-AD93-8D72F4F3CE5E}.Debug|Any CPU.ActiveCfg = Debug|Any CPU
		{39578E59-F9E0-46EF-AD93-8D72F4F3CE5E}.Debug|Any CPU.Build.0 = Debug|Any CPU
		{39578E59-F9E0-46EF-AD93-8D72F4F3CE5E}.Release|Any CPU.ActiveCfg = Release|Any CPU
		{39578E59-F9E0-46EF-AD93-8D72F4F3CE5E}.Release|Any CPU.Build.0 = Release|Any CPU
		{D5C2DB6D-B15E-4EF9-A1C9-23C43EC08F3E}.Debug|Any CPU.ActiveCfg = Debug|Any CPU
		{D5C2DB6D-B15E-4EF9-A1C9-23C43EC08F3E}.Debug|Any CPU.Build.0 = Debug|Any CPU
		{D5C2DB6D-B15E-4EF9-A1C9-23C43EC08F3E}.Release|Any CPU.ActiveCfg = Release|Any CPU
		{D5C2DB6D-B15E-4EF9-A1C9-23C43EC08F3E}.Release|Any CPU.Build.0 = Release|Any CPU
	EndGlobalSection
	GlobalSection(SolutionProperties) = preSolution
		HideSolutionNode = FALSE
	EndGlobalSection
	GlobalSection(ExtensibilityGlobals) = postSolution
		SolutionGuid = {A649CEAE-DC7B-40B1-981C-DE24CDB0E11C}
	EndGlobalSection
EndGlobal
