
Microsoft Visual Studio Solution File, Format Version 12.00
# Visual Studio Version 17
VisualStudioVersion = 17.0.32112.339
MinimumVisualStudioVersion = 10.0.40219.1
Project("{FAE04EC0-301F-11D3-BF4B-00C04F79EFBC}") = "MaxSequenceOfEqualElements", "MaxSequenceOfEqualElements\MaxSequenceOfEqualElements.csproj", "{A6D9BEF7-B7F2-4743-8157-3048FB8FD7C2}"
EndProject
Project("{FAE04EC0-301F-11D3-BF4B-00C04F79EFBC}") = "MagicSum", "MagicSum\MagicSum.csproj", "{98E4CF90-57BD-4BA5-901E-F8109E1E6A59}"
EndProject
Project("{FAE04EC0-301F-11D3-BF4B-00C04F79EFBC}") = "KaminoFactory", "KaminoFactory\KaminoFactory.csproj", "{AF05D95E-887B-4CDF-B69A-639272869749}"
EndProject
Project("{FAE04EC0-301F-11D3-BF4B-00C04F79EFBC}") = "LadyBugs", "LadyBugs\LadyBugs.csproj", "{EED89A99-2CB3-4590-97AF-A7D231FBFCFC}"
EndProject
Global
	GlobalSection(SolutionConfigurationPlatforms) = preSolution
		Debug|Any CPU = Debug|Any CPU
		Release|Any CPU = Release|Any CPU
	EndGlobalSection
	GlobalSection(ProjectConfigurationPlatforms) = postSolution
		{A6D9BEF7-B7F2-4743-8157-3048FB8FD7C2}.Debug|Any CPU.ActiveCfg = Debug|Any CPU
		{A6D9BEF7-B7F2-4743-8157-3048FB8FD7C2}.Debug|Any CPU.Build.0 = Debug|Any CPU
		{A6D9BEF7-B7F2-4743-8157-3048FB8FD7C2}.Release|Any CPU.ActiveCfg = Release|Any CPU
		{A6D9BEF7-B7F2-4743-8157-3048FB8FD7C2}.Release|Any CPU.Build.0 = Release|Any CPU
		{98E4CF90-57BD-4BA5-901E-F8109E1E6A59}.Debug|Any CPU.ActiveCfg = Debug|Any CPU
		{98E4CF90-57BD-4BA5-901E-F8109E1E6A59}.Debug|Any CPU.Build.0 = Debug|Any CPU
		{98E4CF90-57BD-4BA5-901E-F8109E1E6A59}.Release|Any CPU.ActiveCfg = Release|Any CPU
		{98E4CF90-57BD-4BA5-901E-F8109E1E6A59}.Release|Any CPU.Build.0 = Release|Any CPU
		{AF05D95E-887B-4CDF-B69A-639272869749}.Debug|Any CPU.ActiveCfg = Debug|Any CPU
		{AF05D95E-887B-4CDF-B69A-639272869749}.Debug|Any CPU.Build.0 = Debug|Any CPU
		{AF05D95E-887B-4CDF-B69A-639272869749}.Release|Any CPU.ActiveCfg = Release|Any CPU
		{AF05D95E-887B-4CDF-B69A-639272869749}.Release|Any CPU.Build.0 = Release|Any CPU
		{EED89A99-2CB3-4590-97AF-A7D231FBFCFC}.Debug|Any CPU.ActiveCfg = Debug|Any CPU
		{EED89A99-2CB3-4590-97AF-A7D231FBFCFC}.Debug|Any CPU.Build.0 = Debug|Any CPU
		{EED89A99-2CB3-4590-97AF-A7D231FBFCFC}.Release|Any CPU.ActiveCfg = Release|Any CPU
		{EED89A99-2CB3-4590-97AF-A7D231FBFCFC}.Release|Any CPU.Build.0 = Release|Any CPU
	EndGlobalSection
	GlobalSection(SolutionProperties) = preSolution
		HideSolutionNode = FALSE
	EndGlobalSection
	GlobalSection(ExtensibilityGlobals) = postSolution
		SolutionGuid = {2FBA09F8-D969-490E-9ED7-14A1091CA2D6}
	EndGlobalSection
EndGlobal
