
Microsoft Visual Studio Solution File, Format Version 12.00
# Visual Studio Version 17
VisualStudioVersion = 17.0.32112.339
MinimumVisualStudioVersion = 10.0.40219.1
Project("{9A19103F-16F7-4668-BE54-9A1E7A4F7556}") = "DataTypeFinder", "DataTypeFinder\DataTypeFinder.csproj", "{68B3286C-5B44-4C0F-88B3-FCB96618036C}"
EndProject
Project("{9A19103F-16F7-4668-BE54-9A1E7A4F7556}") = "FromLeftToRight", "FromLeftToRight\FromLeftToRight.csproj", "{35AC6D7E-0EBE-45FF-8421-E5EC6F5338BF}"
EndProject
Project("{9A19103F-16F7-4668-BE54-9A1E7A4F7556}") = "FloatingEquality", "FloatingEquality\FloatingEquality.csproj", "{974BA347-9A20-4816-866B-72340EAD19B8}"
EndProject
Project("{FAE04EC0-301F-11D3-BF4B-00C04F79EFBC}") = "RefactoringPrimeChecker", "RefactoringPrimeChecker\RefactoringPrimeChecker.csproj", "{D427D1F8-BEAA-4504-AE4D-C089D0E44D5A}"
EndProject
Project("{FAE04EC0-301F-11D3-BF4B-00C04F79EFBC}") = "DecryptingMessage", "DecryptingMessage\DecryptingMessage.csproj", "{9334BCE0-245D-452C-AFC7-590C6CF7823A}"
EndProject
Project("{FAE04EC0-301F-11D3-BF4B-00C04F79EFBC}") = "BalancedBrackets", "BalancedBrackets\BalancedBrackets.csproj", "{A402F4ED-3F1A-4A78-8D48-BABA709B9D96}"
EndProject
Global
	GlobalSection(SolutionConfigurationPlatforms) = preSolution
		Debug|Any CPU = Debug|Any CPU
		Release|Any CPU = Release|Any CPU
	EndGlobalSection
	GlobalSection(ProjectConfigurationPlatforms) = postSolution
		{68B3286C-5B44-4C0F-88B3-FCB96618036C}.Debug|Any CPU.ActiveCfg = Debug|Any CPU
		{68B3286C-5B44-4C0F-88B3-FCB96618036C}.Debug|Any CPU.Build.0 = Debug|Any CPU
		{68B3286C-5B44-4C0F-88B3-FCB96618036C}.Release|Any CPU.ActiveCfg = Release|Any CPU
		{68B3286C-5B44-4C0F-88B3-FCB96618036C}.Release|Any CPU.Build.0 = Release|Any CPU
		{35AC6D7E-0EBE-45FF-8421-E5EC6F5338BF}.Debug|Any CPU.ActiveCfg = Debug|Any CPU
		{35AC6D7E-0EBE-45FF-8421-E5EC6F5338BF}.Debug|Any CPU.Build.0 = Debug|Any CPU
		{35AC6D7E-0EBE-45FF-8421-E5EC6F5338BF}.Release|Any CPU.ActiveCfg = Release|Any CPU
		{35AC6D7E-0EBE-45FF-8421-E5EC6F5338BF}.Release|Any CPU.Build.0 = Release|Any CPU
		{974BA347-9A20-4816-866B-72340EAD19B8}.Debug|Any CPU.ActiveCfg = Debug|Any CPU
		{974BA347-9A20-4816-866B-72340EAD19B8}.Debug|Any CPU.Build.0 = Debug|Any CPU
		{974BA347-9A20-4816-866B-72340EAD19B8}.Release|Any CPU.ActiveCfg = Release|Any CPU
		{974BA347-9A20-4816-866B-72340EAD19B8}.Release|Any CPU.Build.0 = Release|Any CPU
		{D427D1F8-BEAA-4504-AE4D-C089D0E44D5A}.Debug|Any CPU.ActiveCfg = Debug|Any CPU
		{D427D1F8-BEAA-4504-AE4D-C089D0E44D5A}.Debug|Any CPU.Build.0 = Debug|Any CPU
		{D427D1F8-BEAA-4504-AE4D-C089D0E44D5A}.Release|Any CPU.ActiveCfg = Release|Any CPU
		{D427D1F8-BEAA-4504-AE4D-C089D0E44D5A}.Release|Any CPU.Build.0 = Release|Any CPU
		{9334BCE0-245D-452C-AFC7-590C6CF7823A}.Debug|Any CPU.ActiveCfg = Debug|Any CPU
		{9334BCE0-245D-452C-AFC7-590C6CF7823A}.Debug|Any CPU.Build.0 = Debug|Any CPU
		{9334BCE0-245D-452C-AFC7-590C6CF7823A}.Release|Any CPU.ActiveCfg = Release|Any CPU
		{9334BCE0-245D-452C-AFC7-590C6CF7823A}.Release|Any CPU.Build.0 = Release|Any CPU
		{A402F4ED-3F1A-4A78-8D48-BABA709B9D96}.Debug|Any CPU.ActiveCfg = Debug|Any CPU
		{A402F4ED-3F1A-4A78-8D48-BABA709B9D96}.Debug|Any CPU.Build.0 = Debug|Any CPU
		{A402F4ED-3F1A-4A78-8D48-BABA709B9D96}.Release|Any CPU.ActiveCfg = Release|Any CPU
		{A402F4ED-3F1A-4A78-8D48-BABA709B9D96}.Release|Any CPU.Build.0 = Release|Any CPU
	EndGlobalSection
	GlobalSection(SolutionProperties) = preSolution
		HideSolutionNode = FALSE
	EndGlobalSection
	GlobalSection(ExtensibilityGlobals) = postSolution
		SolutionGuid = {A3BAF24A-F0B3-4768-B256-A57E5DABB3A6}
	EndGlobalSection
EndGlobal
